
Microsoft Visual Studio Solution File, Format Version 12.00
# Visual Studio 2012
Project("{2150E333-8FDC-42A3-9474-1A3956D46DE8}") = "Common", "Common", "{014A924F-6053-4D09-BBC3-BAF11CE5E15C}"
EndProject
Project("{FAE04EC0-301F-11D3-BF4B-00C04F79EFBC}") = "SS.Platform.Common", "SS.Platform.Common\SS.Platform.Common.csproj", "{98F46772-6B74-433C-AF8E-0217BA688525}"
EndProject
Project("{2150E333-8FDC-42A3-9474-1A3956D46DE8}") = "Model", "Model", "{BF257670-8B39-4ACA-8A7B-6F054522914C}"
EndProject
Project("{FAE04EC0-301F-11D3-BF4B-00C04F79EFBC}") = "SS.Platform.OA.Model", "SS.Platform.OA.Model\SS.Platform.OA.Model.csproj", "{E4BAE940-AE2E-459F-AF5F-4F111FAAA261}"
	ProjectSection(ProjectDependencies) = postProject
		{98F46772-6B74-433C-AF8E-0217BA688525} = {98F46772-6B74-433C-AF8E-0217BA688525}
	EndProjectSection
EndProject
Project("{2150E333-8FDC-42A3-9474-1A3956D46DE8}") = "Dal", "Dal", "{49AA7A75-58FF-4416-9449-A642D25E7F5C}"
EndProject
Project("{FAE04EC0-301F-11D3-BF4B-00C04F79EFBC}") = "SS.Platform.OA.DalFactory", "SS.Platform.OA.DalFactory\SS.Platform.OA.DalFactory.csproj", "{CC99297B-F428-4A7A-A5C6-84616EC6DC72}"
	ProjectSection(ProjectDependencies) = postProject
		{E4BAE940-AE2E-459F-AF5F-4F111FAAA261} = {E4BAE940-AE2E-459F-AF5F-4F111FAAA261}
		{4F5C9866-3629-4213-9FB9-633C20C0ADC2} = {4F5C9866-3629-4213-9FB9-633C20C0ADC2}
		{98F46772-6B74-433C-AF8E-0217BA688525} = {98F46772-6B74-433C-AF8E-0217BA688525}
	EndProjectSection
EndProject
Project("{FAE04EC0-301F-11D3-BF4B-00C04F79EFBC}") = "SS.Platform.OA.IDal", "SS.Platform.OA.IDal\SS.Platform.OA.IDal.csproj", "{4F5C9866-3629-4213-9FB9-633C20C0ADC2}"
	ProjectSection(ProjectDependencies) = postProject
		{E4BAE940-AE2E-459F-AF5F-4F111FAAA261} = {E4BAE940-AE2E-459F-AF5F-4F111FAAA261}
		{98F46772-6B74-433C-AF8E-0217BA688525} = {98F46772-6B74-433C-AF8E-0217BA688525}
	EndProjectSection
EndProject
Project("{2150E333-8FDC-42A3-9474-1A3956D46DE8}") = "UI", "UI", "{914FD3FB-F2E2-42FC-B956-27D85A32B855}"
EndProject
Project("{FAE04EC0-301F-11D3-BF4B-00C04F79EFBC}") = "SS.Platform.OA.UI.Portal", "SS.Platform.OA.UI.Portal\SS.Platform.OA.UI.Portal.csproj", "{D3152858-B88D-4E22-BE5E-A9378E5525EF}"
	ProjectSection(ProjectDependencies) = postProject
		{46530385-FECE-47D6-9DE8-E03B90DFCAD0} = {46530385-FECE-47D6-9DE8-E03B90DFCAD0}
	EndProjectSection
EndProject
Project("{2150E333-8FDC-42A3-9474-1A3956D46DE8}") = "Bll", "Bll", "{9EA3C718-24B5-4DD5-B114-663C1328263C}"
EndProject
Project("{FAE04EC0-301F-11D3-BF4B-00C04F79EFBC}") = "SS.Platform.OA.IBLL", "SS.Platform.OA.IBLL\SS.Platform.OA.IBLL.csproj", "{D8F33798-1420-4245-B6DF-0D7FF990CA6F}"
	ProjectSection(ProjectDependencies) = postProject
		{DD99D12C-4D47-4DE4-B70A-1565A2ECDAB1} = {DD99D12C-4D47-4DE4-B70A-1565A2ECDAB1}
		{4F5C9866-3629-4213-9FB9-633C20C0ADC2} = {4F5C9866-3629-4213-9FB9-633C20C0ADC2}
		{98F46772-6B74-433C-AF8E-0217BA688525} = {98F46772-6B74-433C-AF8E-0217BA688525}
		{CC99297B-F428-4A7A-A5C6-84616EC6DC72} = {CC99297B-F428-4A7A-A5C6-84616EC6DC72}
		{68205FCD-D043-41E1-A0B2-E3CCF9A55C32} = {68205FCD-D043-41E1-A0B2-E3CCF9A55C32}
	EndProjectSection
EndProject
Project("{FAE04EC0-301F-11D3-BF4B-00C04F79EFBC}") = "SS.Platform.OA.BLL", "SS.Platform.OA.BLL\SS.Platform.OA.BLL.csproj", "{6B7319DD-0F0D-4A22-9DD9-3505262D4B39}"
EndProject
Project("{FAE04EC0-301F-11D3-BF4B-00C04F79EFBC}") = "SS.Platform.OA.Dal", "SS.Platform.OA.Dal\SS.Platform.OA.Dal.csproj", "{68205FCD-D043-41E1-A0B2-E3CCF9A55C32}"
EndProject
Project("{FAE04EC0-301F-11D3-BF4B-00C04F79EFBC}") = "SS.Platform.OA.AdoNetDal", "SS.Platform.OA.AdoNetDal\SS.Platform.OA.AdoNetDal.csproj", "{DD99D12C-4D47-4DE4-B70A-1565A2ECDAB1}"
EndProject
Project("{2150E333-8FDC-42A3-9474-1A3956D46DE8}") = "Demos", "Demos", "{9A0E95EF-2CB6-4496-ACA2-DC2880A3FE92}"
EndProject
Project("{FAE04EC0-301F-11D3-BF4B-00C04F79EFBC}") = "T4Demo", "T4Demo\T4Demo.csproj", "{624F35CB-1D83-4778-91D5-04033E8F27F7}"
EndProject
Project("{2150E333-8FDC-42A3-9474-1A3956D46DE8}") = "Services", "Services", "{3F2DCF4D-2B16-44F2-99E4-DE7C46143BEE}"
EndProject
Project("{FAE04EC0-301F-11D3-BF4B-00C04F79EFBC}") = "SS.Platform.WebService", "SS.Platform.WebService\SS.Platform.WebService.csproj", "{46530385-FECE-47D6-9DE8-E03B90DFCAD0}"
EndProject
Project("{FAE04EC0-301F-11D3-BF4B-00C04F79EFBC}") = "WebServiceTestDemo", "WebServiceTestDemo\WebServiceTestDemo.csproj", "{49A50EC6-F3D4-4EB9-9CC6-3F3D96A80889}"
	ProjectSection(ProjectDependencies) = postProject
		{46530385-FECE-47D6-9DE8-E03B90DFCAD0} = {46530385-FECE-47D6-9DE8-E03B90DFCAD0}
	EndProjectSection
EndProject
Project("{FAE04EC0-301F-11D3-BF4B-00C04F79EFBC}") = "SpingNetDemo", "SpingNetDemo\SpingNetDemo.csproj", "{E8E352BF-20B7-4284-BEDA-15276567F938}"
EndProject
Project("{FAE04EC0-301F-11D3-BF4B-00C04F79EFBC}") = "Log4NetDemo", "Log4NetDemo\Log4NetDemo.csproj", "{6408DD76-78DA-4115-83BF-FE11B6DF79DB}"
EndProject
Global
	GlobalSection(SolutionConfigurationPlatforms) = preSolution
		Debug|Any CPU = Debug|Any CPU
		Release|Any CPU = Release|Any CPU
	EndGlobalSection
	GlobalSection(ProjectConfigurationPlatforms) = postSolution
		{98F46772-6B74-433C-AF8E-0217BA688525}.Debug|Any CPU.ActiveCfg = Debug|Any CPU
		{98F46772-6B74-433C-AF8E-0217BA688525}.Debug|Any CPU.Build.0 = Debug|Any CPU
		{98F46772-6B74-433C-AF8E-0217BA688525}.Release|Any CPU.ActiveCfg = Release|Any CPU
		{98F46772-6B74-433C-AF8E-0217BA688525}.Release|Any CPU.Build.0 = Release|Any CPU
		{E4BAE940-AE2E-459F-AF5F-4F111FAAA261}.Debug|Any CPU.ActiveCfg = Debug|Any CPU
		{E4BAE940-AE2E-459F-AF5F-4F111FAAA261}.Debug|Any CPU.Build.0 = Debug|Any CPU
		{E4BAE940-AE2E-459F-AF5F-4F111FAAA261}.Release|Any CPU.ActiveCfg = Release|Any CPU
		{E4BAE940-AE2E-459F-AF5F-4F111FAAA261}.Release|Any CPU.Build.0 = Release|Any CPU
		{CC99297B-F428-4A7A-A5C6-84616EC6DC72}.Debug|Any CPU.ActiveCfg = Debug|Any CPU
		{CC99297B-F428-4A7A-A5C6-84616EC6DC72}.Debug|Any CPU.Build.0 = Debug|Any CPU
		{CC99297B-F428-4A7A-A5C6-84616EC6DC72}.Release|Any CPU.ActiveCfg = Release|Any CPU
		{CC99297B-F428-4A7A-A5C6-84616EC6DC72}.Release|Any CPU.Build.0 = Release|Any CPU
		{4F5C9866-3629-4213-9FB9-633C20C0ADC2}.Debug|Any CPU.ActiveCfg = Debug|Any CPU
		{4F5C9866-3629-4213-9FB9-633C20C0ADC2}.Debug|Any CPU.Build.0 = Debug|Any CPU
		{4F5C9866-3629-4213-9FB9-633C20C0ADC2}.Release|Any CPU.ActiveCfg = Release|Any CPU
		{4F5C9866-3629-4213-9FB9-633C20C0ADC2}.Release|Any CPU.Build.0 = Release|Any CPU
		{D3152858-B88D-4E22-BE5E-A9378E5525EF}.Debug|Any CPU.ActiveCfg = Debug|Any CPU
		{D3152858-B88D-4E22-BE5E-A9378E5525EF}.Debug|Any CPU.Build.0 = Debug|Any CPU
		{D3152858-B88D-4E22-BE5E-A9378E5525EF}.Release|Any CPU.ActiveCfg = Release|Any CPU
		{D3152858-B88D-4E22-BE5E-A9378E5525EF}.Release|Any CPU.Build.0 = Release|Any CPU
		{D8F33798-1420-4245-B6DF-0D7FF990CA6F}.Debug|Any CPU.ActiveCfg = Debug|Any CPU
		{D8F33798-1420-4245-B6DF-0D7FF990CA6F}.Debug|Any CPU.Build.0 = Debug|Any CPU
		{D8F33798-1420-4245-B6DF-0D7FF990CA6F}.Release|Any CPU.ActiveCfg = Release|Any CPU
		{D8F33798-1420-4245-B6DF-0D7FF990CA6F}.Release|Any CPU.Build.0 = Release|Any CPU
		{6B7319DD-0F0D-4A22-9DD9-3505262D4B39}.Debug|Any CPU.ActiveCfg = Debug|Any CPU
		{6B7319DD-0F0D-4A22-9DD9-3505262D4B39}.Debug|Any CPU.Build.0 = Debug|Any CPU
		{6B7319DD-0F0D-4A22-9DD9-3505262D4B39}.Release|Any CPU.ActiveCfg = Release|Any CPU
		{6B7319DD-0F0D-4A22-9DD9-3505262D4B39}.Release|Any CPU.Build.0 = Release|Any CPU
		{68205FCD-D043-41E1-A0B2-E3CCF9A55C32}.Debug|Any CPU.ActiveCfg = Debug|Any CPU
		{68205FCD-D043-41E1-A0B2-E3CCF9A55C32}.Debug|Any CPU.Build.0 = Debug|Any CPU
		{68205FCD-D043-41E1-A0B2-E3CCF9A55C32}.Release|Any CPU.ActiveCfg = Release|Any CPU
		{68205FCD-D043-41E1-A0B2-E3CCF9A55C32}.Release|Any CPU.Build.0 = Release|Any CPU
		{DD99D12C-4D47-4DE4-B70A-1565A2ECDAB1}.Debug|Any CPU.ActiveCfg = Debug|Any CPU
		{DD99D12C-4D47-4DE4-B70A-1565A2ECDAB1}.Debug|Any CPU.Build.0 = Debug|Any CPU
		{DD99D12C-4D47-4DE4-B70A-1565A2ECDAB1}.Release|Any CPU.ActiveCfg = Release|Any CPU
		{DD99D12C-4D47-4DE4-B70A-1565A2ECDAB1}.Release|Any CPU.Build.0 = Release|Any CPU
		{624F35CB-1D83-4778-91D5-04033E8F27F7}.Debug|Any CPU.ActiveCfg = Debug|Any CPU
		{624F35CB-1D83-4778-91D5-04033E8F27F7}.Debug|Any CPU.Build.0 = Debug|Any CPU
		{624F35CB-1D83-4778-91D5-04033E8F27F7}.Release|Any CPU.ActiveCfg = Release|Any CPU
		{624F35CB-1D83-4778-91D5-04033E8F27F7}.Release|Any CPU.Build.0 = Release|Any CPU
		{46530385-FECE-47D6-9DE8-E03B90DFCAD0}.Debug|Any CPU.ActiveCfg = Debug|Any CPU
		{46530385-FECE-47D6-9DE8-E03B90DFCAD0}.Debug|Any CPU.Build.0 = Debug|Any CPU
		{46530385-FECE-47D6-9DE8-E03B90DFCAD0}.Release|Any CPU.ActiveCfg = Release|Any CPU
		{46530385-FECE-47D6-9DE8-E03B90DFCAD0}.Release|Any CPU.Build.0 = Release|Any CPU
		{49A50EC6-F3D4-4EB9-9CC6-3F3D96A80889}.Debug|Any CPU.ActiveCfg = Debug|Any CPU
		{49A50EC6-F3D4-4EB9-9CC6-3F3D96A80889}.Debug|Any CPU.Build.0 = Debug|Any CPU
		{49A50EC6-F3D4-4EB9-9CC6-3F3D96A80889}.Release|Any CPU.ActiveCfg = Release|Any CPU
		{49A50EC6-F3D4-4EB9-9CC6-3F3D96A80889}.Release|Any CPU.Build.0 = Release|Any CPU
		{E8E352BF-20B7-4284-BEDA-15276567F938}.Debug|Any CPU.ActiveCfg = Debug|Any CPU
		{E8E352BF-20B7-4284-BEDA-15276567F938}.Debug|Any CPU.Build.0 = Debug|Any CPU
		{E8E352BF-20B7-4284-BEDA-15276567F938}.Release|Any CPU.ActiveCfg = Release|Any CPU
		{E8E352BF-20B7-4284-BEDA-15276567F938}.Release|Any CPU.Build.0 = Release|Any CPU
		{6408DD76-78DA-4115-83BF-FE11B6DF79DB}.Debug|Any CPU.ActiveCfg = Debug|Any CPU
		{6408DD76-78DA-4115-83BF-FE11B6DF79DB}.Debug|Any CPU.Build.0 = Debug|Any CPU
		{6408DD76-78DA-4115-83BF-FE11B6DF79DB}.Release|Any CPU.ActiveCfg = Release|Any CPU
		{6408DD76-78DA-4115-83BF-FE11B6DF79DB}.Release|Any CPU.Build.0 = Release|Any CPU
	EndGlobalSection
	GlobalSection(SolutionProperties) = preSolution
		HideSolutionNode = FALSE
	EndGlobalSection
	GlobalSection(NestedProjects) = preSolution
		{98F46772-6B74-433C-AF8E-0217BA688525} = {014A924F-6053-4D09-BBC3-BAF11CE5E15C}
		{E4BAE940-AE2E-459F-AF5F-4F111FAAA261} = {BF257670-8B39-4ACA-8A7B-6F054522914C}
		{CC99297B-F428-4A7A-A5C6-84616EC6DC72} = {49AA7A75-58FF-4416-9449-A642D25E7F5C}
		{4F5C9866-3629-4213-9FB9-633C20C0ADC2} = {49AA7A75-58FF-4416-9449-A642D25E7F5C}
		{68205FCD-D043-41E1-A0B2-E3CCF9A55C32} = {49AA7A75-58FF-4416-9449-A642D25E7F5C}
		{DD99D12C-4D47-4DE4-B70A-1565A2ECDAB1} = {49AA7A75-58FF-4416-9449-A642D25E7F5C}
		{D3152858-B88D-4E22-BE5E-A9378E5525EF} = {914FD3FB-F2E2-42FC-B956-27D85A32B855}
		{D8F33798-1420-4245-B6DF-0D7FF990CA6F} = {9EA3C718-24B5-4DD5-B114-663C1328263C}
		{6B7319DD-0F0D-4A22-9DD9-3505262D4B39} = {9EA3C718-24B5-4DD5-B114-663C1328263C}
		{624F35CB-1D83-4778-91D5-04033E8F27F7} = {9A0E95EF-2CB6-4496-ACA2-DC2880A3FE92}
		{49A50EC6-F3D4-4EB9-9CC6-3F3D96A80889} = {9A0E95EF-2CB6-4496-ACA2-DC2880A3FE92}
		{E8E352BF-20B7-4284-BEDA-15276567F938} = {9A0E95EF-2CB6-4496-ACA2-DC2880A3FE92}
		{6408DD76-78DA-4115-83BF-FE11B6DF79DB} = {9A0E95EF-2CB6-4496-ACA2-DC2880A3FE92}
		{46530385-FECE-47D6-9DE8-E03B90DFCAD0} = {3F2DCF4D-2B16-44F2-99E4-DE7C46143BEE}
	EndGlobalSection
EndGlobal
